{
  "nodes": {
    "flake-parts": {
      "inputs": {
        "nixpkgs-lib": [
          "nixpkgs"
        ]
      },
      "locked": {
        "lastModified": 1670441596,
        "narHash": "sha256-+T487QnluBT5F9tVk0chG/zzv+9zzTrx3o7rlOBK7ps=",
        "owner": "hercules-ci",
        "repo": "flake-parts",
        "rev": "8d0e2444ab05f79df93b70e5e497f8c708eb6b9b",
        "type": "github"
      },
      "original": {
        "owner": "hercules-ci",
        "repo": "flake-parts",
        "type": "github"
      }
    },
    "flake-utils": {
      "locked": {
        "lastModified": 1659877975,
        "narHash": "sha256-zllb8aq3YO3h8B/U0/J1WBgAL8EX5yWf5pMj3G0NAmc=",
        "owner": "numtide",
        "repo": "flake-utils",
        "rev": "c0e246b9b83f637f4681389ecabcb2681b4f3af0",
        "type": "github"
      },
      "original": {
        "owner": "numtide",
        "repo": "flake-utils",
        "type": "github"
      }
    },
    "mkdocs-numtide": {
      "inputs": {
        "nixpkgs": [
          "nixpkgs"
        ]
      },
      "locked": {
        "lastModified": 1680358379,
        "narHash": "sha256-f4v6oIcqoQfUKfOsWbFkgKeGZkKTAo0nRwvL0IQGGnQ=",
        "owner": "numtide",
        "repo": "mkdocs-numtide",
        "rev": "af6c4a5f7c0a59da3b557795f57dcae5707523ac",
        "type": "github"
      },
      "original": {
        "owner": "numtide",
        "repo": "mkdocs-numtide",
        "type": "github"
      }
    },
    "nixpkgs": {
      "locked": {
        "lastModified": 1671160997,
        "narHash": "sha256-fcPZMRjAkUhrfXwoq2RPejfhtPnQ+aI5CTr4x8d0JPs=",
        "owner": "NixOS",
        "repo": "nixpkgs",
        "rev": "4172cdda7e56a48065475fb98c57b03b83c1fde4",
        "type": "github"
      },
      "original": {
        "owner": "NixOS",
        "ref": "nixpkgs-unstable",
        "repo": "nixpkgs",
        "type": "github"
      }
    },
    "root": {
      "inputs": {
        "flake-parts": "flake-parts",
        "mkdocs-numtide": "mkdocs-numtide",
        "nixpkgs": "nixpkgs",
        "rust-overlay": "rust-overlay"
      }
    },
    "rust-overlay": {
      "inputs": {
        "flake-utils": "flake-utils",
        "nixpkgs": [
          "nixpkgs"
        ]
      },
      "locked": {
        "lastModified": 1671157233,
        "narHash": "sha256-gvQaOKaV1UK6IzsFzkVLsEavGxnAsQFT3zUqcg0RXLU=",
        "owner": "oxalica",
        "repo": "rust-overlay",
        "rev": "7da2f6b3a0c32f661cb2864d7fbd1d7e6f0c7543",
        "type": "github"
      },
      "original": {
        "owner": "oxalica",
        "repo": "rust-overlay",
        "type": "github"
      }
    }
  },
  "root": "root",
  "version": 7
}
