{
  "nodes": {
    "flake-parts": {
      "inputs": {
        "nixpkgs": [
          "nixpkgs"
        ]
      },
      "locked": {
        "lastModified": 1663686189,
        "narHash": "sha256-cgWGo0SLM4RX0DqodeFHsU0PRGlmz6AOSF1lmX21bvg=",
        "owner": "hercules-ci",
        "repo": "flake-parts",
        "rev": "f17e9dba098c0a7bca10029bec5384fd6425c157",
        "type": "github"
      },
      "original": {
        "owner": "hercules-ci",
        "repo": "flake-parts",
        "type": "github"
      }
    },
    "nixpkgs": {
      "locked": {
        "lastModified": 1663669617,
        "narHash": "sha256-yUrzkRDc6P3hsI5TdQ5+q8gnyjadNvaM3MMEsEVS8qk=",
        "owner": "NixOS",
        "repo": "nixpkgs",
        "rev": "41ac0bd371618db6dd67fd952cc5b3d6a9955a15",
        "type": "github"
      },
      "original": {
        "owner": "NixOS",
        "ref": "nixpkgs-unstable",
        "repo": "nixpkgs",
        "type": "github"
      }
    },
    "root": {
      "inputs": {
        "flake-parts": "flake-parts",
        "nixpkgs": "nixpkgs"
      }
    }
  },
  "root": "root",
  "version": 7
}
